// !$*UTF8*$!
{
	archiveVersion = 1;
	classes = {
	};
	objectVersion = 55;
	objects = {

/* Begin PBXBuildFile section */
		CE8963BD27BDC34C0002B8BB /* AppDelegate.swift in Sources */ = {isa = PBXBuildFile; fileRef = CE8963BC27BDC34C0002B8BB /* AppDelegate.swift */; };
		CE8963BF27BDC34C0002B8BB /* SceneDelegate.swift in Sources */ = {isa = PBXBuildFile; fileRef = CE8963BE27BDC34C0002B8BB /* SceneDelegate.swift */; };
		CE8963C127BDC34C0002B8BB /* ViewController.swift in Sources */ = {isa = PBXBuildFile; fileRef = CE8963C027BDC34C0002B8BB /* ViewController.swift */; };
		CE8963C427BDC34C0002B8BB /* Main.storyboard in Resources */ = {isa = PBXBuildFile; fileRef = CE8963C227BDC34C0002B8BB /* Main.storyboard */; };
		CE8963C627BDC34D0002B8BB /* Assets.xcassets in Resources */ = {isa = PBXBuildFile; fileRef = CE8963C527BDC34D0002B8BB /* Assets.xcassets */; };
		CE8963C927BDC34D0002B8BB /* LaunchScreen.storyboard in Resources */ = {isa = PBXBuildFile; fileRef = CE8963C727BDC34D0002B8BB /* LaunchScreen.storyboard */; };
		CE8963D427BDC34E0002B8BB /* TrafficSeguesTests.swift in Sources */ = {isa = PBXBuildFile; fileRef = CE8963D327BDC34E0002B8BB /* TrafficSeguesTests.swift */; };
		CE8963DE27BDC34E0002B8BB /* TrafficSeguesUITests.swift in Sources */ = {isa = PBXBuildFile; fileRef = CE8963DD27BDC34E0002B8BB /* TrafficSeguesUITests.swift */; };
		CE8963E027BDC34E0002B8BB /* TrafficSeguesUITestsLaunchTests.swift in Sources */ = {isa = PBXBuildFile; fileRef = CE8963DF27BDC34E0002B8BB /* TrafficSeguesUITestsLaunchTests.swift */; };
/* End PBXBuildFile section */

/* Begin PBXContainerItemProxy section */
		CE8963D027BDC34E0002B8BB /* PBXContainerItemProxy */ = {
			isa = PBXContainerItemProxy;
			containerPortal = CE8963B127BDC34C0002B8BB /* Project object */;
			proxyType = 1;
			remoteGlobalIDString = CE8963B827BDC34C0002B8BB;
			remoteInfo = TrafficSegues;
		};
		CE8963DA27BDC34E0002B8BB /* PBXContainerItemProxy */ = {
			isa = PBXContainerItemProxy;
			containerPortal = CE8963B127BDC34C0002B8BB /* Project object */;
			proxyType = 1;
			remoteGlobalIDString = CE8963B827BDC34C0002B8BB;
			remoteInfo = TrafficSegues;
		};
/* End PBXContainerItemProxy section */

/* Begin PBXFileReference section */
		CE8963B927BDC34C0002B8BB /* TrafficSegues.app */ = {isa = PBXFileReference; explicitFileType = wrapper.application; includeInIndex = 0; path = TrafficSegues.app; sourceTree = BUILT_PRODUCTS_DIR; };
		CE8963BC27BDC34C0002B8BB /* AppDelegate.swift */ = {isa = PBXFileReference; lastKnownFileType = sourcecode.swift; path = AppDelegate.swift; sourceTree = "<group>"; };
		CE8963BE27BDC34C0002B8BB /* SceneDelegate.swift */ = {isa = PBXFileReference; lastKnownFileType = sourcecode.swift; path = SceneDelegate.swift; sourceTree = "<group>"; };
		CE8963C027BDC34C0002B8BB /* ViewController.swift */ = {isa = PBXFileReference; lastKnownFileType = sourcecode.swift; path = ViewController.swift; sourceTree = "<group>"; };
		CE8963C327BDC34C0002B8BB /* Base */ = {isa = PBXFileReference; lastKnownFileType = file.storyboard; name = Base; path = Base.lproj/Main.storyboard; sourceTree = "<group>"; };
		CE8963C527BDC34D0002B8BB /* Assets.xcassets */ = {isa = PBXFileReference; lastKnownFileType = folder.assetcatalog; path = Assets.xcassets; sourceTree = "<group>"; };
		CE8963C827BDC34D0002B8BB /* Base */ = {isa = PBXFileReference; lastKnownFileType = file.storyboard; name = Base; path = Base.lproj/LaunchScreen.storyboard; sourceTree = "<group>"; };
		CE8963CA27BDC34D0002B8BB /* Info.plist */ = {isa = PBXFileReference; lastKnownFileType = text.plist.xml; path = Info.plist; sourceTree = "<group>"; };
		CE8963CF27BDC34E0002B8BB /* TrafficSeguesTests.xctest */ = {isa = PBXFileReference; explicitFileType = wrapper.cfbundle; includeInIndex = 0; path = TrafficSeguesTests.xctest; sourceTree = BUILT_PRODUCTS_DIR; };
		CE8963D327BDC34E0002B8BB /* TrafficSeguesTests.swift */ = {isa = PBXFileReference; lastKnownFileType = sourcecode.swift; path = TrafficSeguesTests.swift; sourceTree = "<group>"; };
		CE8963D927BDC34E0002B8BB /* TrafficSeguesUITests.xctest */ = {isa = PBXFileReference; explicitFileType = wrapper.cfbundle; includeInIndex = 0; path = TrafficSeguesUITests.xctest; sourceTree = BUILT_PRODUCTS_DIR; };
		CE8963DD27BDC34E0002B8BB /* TrafficSeguesUITests.swift */ = {isa = PBXFileReference; lastKnownFileType = sourcecode.swift; path = TrafficSeguesUITests.swift; sourceTree = "<group>"; };
		CE8963DF27BDC34E0002B8BB /* TrafficSeguesUITestsLaunchTests.swift */ = {isa = PBXFileReference; lastKnownFileType = sourcecode.swift; path = TrafficSeguesUITestsLaunchTests.swift; sourceTree = "<group>"; };
/* End PBXFileReference section */

/* Begin PBXFrameworksBuildPhase section */
		CE8963B627BDC34C0002B8BB /* Frameworks */ = {
			isa = PBXFrameworksBuildPhase;
			buildActionMask = 2147483647;
			files = (
			);
			runOnlyForDeploymentPostprocessing = 0;
		};
		CE8963CC27BDC34E0002B8BB /* Frameworks */ = {
			isa = PBXFrameworksBuildPhase;
			buildActionMask = 2147483647;
			files = (
			);
			runOnlyForDeploymentPostprocessing = 0;
		};
		CE8963D627BDC34E0002B8BB /* Frameworks */ = {
			isa = PBXFrameworksBuildPhase;
			buildActionMask = 2147483647;
			files = (
			);
			runOnlyForDeploymentPostprocessing = 0;
		};
/* End PBXFrameworksBuildPhase section */

/* Begin PBXGroup section */
		CE8963B027BDC34C0002B8BB = {
			isa = PBXGroup;
			children = (
				CE8963BB27BDC34C0002B8BB /* TrafficSegues */,
				CE8963D227BDC34E0002B8BB /* TrafficSeguesTests */,
				CE8963DC27BDC34E0002B8BB /* TrafficSeguesUITests */,
				CE8963BA27BDC34C0002B8BB /* Products */,
			);
			sourceTree = "<group>";
		};
		CE8963BA27BDC34C0002B8BB /* Products */ = {
			isa = PBXGroup;
			children = (
				CE8963B927BDC34C0002B8BB /* TrafficSegues.app */,
				CE8963CF27BDC34E0002B8BB /* TrafficSeguesTests.xctest */,
				CE8963D927BDC34E0002B8BB /* TrafficSeguesUITests.xctest */,
			);
			name = Products;
			sourceTree = "<group>";
		};
		CE8963BB27BDC34C0002B8BB /* TrafficSegues */ = {
			isa = PBXGroup;
			children = (
				CE8963BC27BDC34C0002B8BB /* AppDelegate.swift */,
				CE8963BE27BDC34C0002B8BB /* SceneDelegate.swift */,
				CE8963C027BDC34C0002B8BB /* ViewController.swift */,
				CE8963C227BDC34C0002B8BB /* Main.storyboard */,
				CE8963C527BDC34D0002B8BB /* Assets.xcassets */,
				CE8963C727BDC34D0002B8BB /* LaunchScreen.storyboard */,
				CE8963CA27BDC34D0002B8BB /* Info.plist */,
			);
			path = TrafficSegues;
			sourceTree = "<group>";
		};
		CE8963D227BDC34E0002B8BB /* TrafficSeguesTests */ = {
			isa = PBXGroup;
			children = (
				CE8963D327BDC34E0002B8BB /* TrafficSeguesTests.swift */,
			);
			path = TrafficSeguesTests;
			sourceTree = "<group>";
		};
		CE8963DC27BDC34E0002B8BB /* TrafficSeguesUITests */ = {
			isa = PBXGroup;
			children = (
				CE8963DD27BDC34E0002B8BB /* TrafficSeguesUITests.swift */,
				CE8963DF27BDC34E0002B8BB /* TrafficSeguesUITestsLaunchTests.swift */,
			);
			path = TrafficSeguesUITests;
			sourceTree = "<group>";
		};
/* End PBXGroup section */

/* Begin PBXNativeTarget section */
		CE8963B827BDC34C0002B8BB /* TrafficSegues */ = {
			isa = PBXNativeTarget;
			buildConfigurationList = CE8963E327BDC34E0002B8BB /* Build configuration list for PBXNativeTarget "TrafficSegues" */;
			buildPhases = (
				CE8963B527BDC34C0002B8BB /* Sources */,
				CE8963B627BDC34C0002B8BB /* Frameworks */,
				CE8963B727BDC34C0002B8BB /* Resources */,
			);
			buildRules = (
			);
			dependencies = (
			);
			name = TrafficSegues;
			productName = TrafficSegues;
			productReference = CE8963B927BDC34C0002B8BB /* TrafficSegues.app */;
			productType = "com.apple.product-type.application";
		};
		CE8963CE27BDC34E0002B8BB /* TrafficSeguesTests */ = {
			isa = PBXNativeTarget;
			buildConfigurationList = CE8963E627BDC34E0002B8BB /* Build configuration list for PBXNativeTarget "TrafficSeguesTests" */;
			buildPhases = (
				CE8963CB27BDC34E0002B8BB /* Sources */,
				CE8963CC27BDC34E0002B8BB /* Frameworks */,
				CE8963CD27BDC34E0002B8BB /* Resources */,
			);
			buildRules = (
			);
			dependencies = (
				CE8963D127BDC34E0002B8BB /* PBXTargetDependency */,
			);
			name = TrafficSeguesTests;
			productName = TrafficSeguesTests;
			productReference = CE8963CF27BDC34E0002B8BB /* TrafficSeguesTests.xctest */;
			productType = "com.apple.product-type.bundle.unit-test";
		};
		CE8963D827BDC34E0002B8BB /* TrafficSeguesUITests */ = {
			isa = PBXNativeTarget;
			buildConfigurationList = CE8963E927BDC34E0002B8BB /* Build configuration list for PBXNativeTarget "TrafficSeguesUITests" */;
			buildPhases = (
				CE8963D527BDC34E0002B8BB /* Sources */,
				CE8963D627BDC34E0002B8BB /* Frameworks */,
				CE8963D727BDC34E0002B8BB /* Resources */,
			);
			buildRules = (
			);
			dependencies = (
				CE8963DB27BDC34E0002B8BB /* PBXTargetDependency */,
			);
			name = TrafficSeguesUITests;
			productName = TrafficSeguesUITests;
			productReference = CE8963D927BDC34E0002B8BB /* TrafficSeguesUITests.xctest */;
			productType = "com.apple.product-type.bundle.ui-testing";
		};
/* End PBXNativeTarget section */

/* Begin PBXProject section */
		CE8963B127BDC34C0002B8BB /* Project object */ = {
			isa = PBXProject;
			attributes = {
				BuildIndependentTargetsInParallel = 1;
				LastSwiftUpdateCheck = 1320;
				LastUpgradeCheck = 1320;
				TargetAttributes = {
					CE8963B827BDC34C0002B8BB = {
						CreatedOnToolsVersion = 13.2.1;
					};
					CE8963CE27BDC34E0002B8BB = {
						CreatedOnToolsVersion = 13.2.1;
						TestTargetID = CE8963B827BDC34C0002B8BB;
					};
					CE8963D827BDC34E0002B8BB = {
						CreatedOnToolsVersion = 13.2.1;
						TestTargetID = CE8963B827BDC34C0002B8BB;
					};
				};
			};
			buildConfigurationList = CE8963B427BDC34C0002B8BB /* Build configuration list for PBXProject "TrafficSegues" */;
			compatibilityVersion = "Xcode 13.0";
			developmentRegion = en;
			hasScannedForEncodings = 0;
			knownRegions = (
				en,
				Base,
			);
			mainGroup = CE8963B027BDC34C0002B8BB;
			productRefGroup = CE8963BA27BDC34C0002B8BB /* Products */;
			projectDirPath = "";
			projectRoot = "";
			targets = (
				CE8963B827BDC34C0002B8BB /* TrafficSegues */,
				CE8963CE27BDC34E0002B8BB /* TrafficSeguesTests */,
				CE8963D827BDC34E0002B8BB /* TrafficSeguesUITests */,
			);
		};
/* End PBXProject section */

/* Begin PBXResourcesBuildPhase section */
		CE8963B727BDC34C0002B8BB /* Resources */ = {
			isa = PBXResourcesBuildPhase;
			buildActionMask = 2147483647;
			files = (
				CE8963C927BDC34D0002B8BB /* LaunchScreen.storyboard in Resources */,
				CE8963C627BDC34D0002B8BB /* Assets.xcassets in Resources */,
				CE8963C427BDC34C0002B8BB /* Main.storyboard in Resources */,
			);
			runOnlyForDeploymentPostprocessing = 0;
		};
		CE8963CD27BDC34E0002B8BB /* Resources */ = {
			isa = PBXResourcesBuildPhase;
			buildActionMask = 2147483647;
			files = (
			);
			runOnlyForDeploymentPostprocessing = 0;
		};
		CE8963D727BDC34E0002B8BB /* Resources */ = {
			isa = PBXResourcesBuildPhase;
			buildActionMask = 2147483647;
			files = (
			);
			runOnlyForDeploymentPostprocessing = 0;
		};
/* End PBXResourcesBuildPhase section */

/* Begin PBXSourcesBuildPhase section */
		CE8963B527BDC34C0002B8BB /* Sources */ = {
			isa = PBXSourcesBuildPhase;
			buildActionMask = 2147483647;
			files = (
				CE8963C127BDC34C0002B8BB /* ViewController.swift in Sources */,
				CE8963BD27BDC34C0002B8BB /* AppDelegate.swift in Sources */,
				CE8963BF27BDC34C0002B8BB /* SceneDelegate.swift in Sources */,
			);
			runOnlyForDeploymentPostprocessing = 0;
		};
		CE8963CB27BDC34E0002B8BB /* Sources */ = {
			isa = PBXSourcesBuildPhase;
			buildActionMask = 2147483647;
			files = (
				CE8963D427BDC34E0002B8BB /* TrafficSeguesTests.swift in Sources */,
			);
			runOnlyForDeploymentPostprocessing = 0;
		};
		CE8963D527BDC34E0002B8BB /* Sources */ = {
			isa = PBXSourcesBuildPhase;
			buildActionMask = 2147483647;
			files = (
				CE8963E027BDC34E0002B8BB /* TrafficSeguesUITestsLaunchTests.swift in Sources */,
				CE8963DE27BDC34E0002B8BB /* TrafficSeguesUITests.swift in Sources */,
			);
			runOnlyForDeploymentPostprocessing = 0;
		};
/* End PBXSourcesBuildPhase section */

/* Begin PBXTargetDependency section */
		CE8963D127BDC34E0002B8BB /* PBXTargetDependency */ = {
			isa = PBXTargetDependency;
			target = CE8963B827BDC34C0002B8BB /* TrafficSegues */;
			targetProxy = CE8963D027BDC34E0002B8BB /* PBXContainerItemProxy */;
		};
		CE8963DB27BDC34E0002B8BB /* PBXTargetDependency */ = {
			isa = PBXTargetDependency;
			target = CE8963B827BDC34C0002B8BB /* TrafficSegues */;
			targetProxy = CE8963DA27BDC34E0002B8BB /* PBXContainerItemProxy */;
		};
/* End PBXTargetDependency section */

/* Begin PBXVariantGroup section */
		CE8963C227BDC34C0002B8BB /* Main.storyboard */ = {
			isa = PBXVariantGroup;
			children = (
				CE8963C327BDC34C0002B8BB /* Base */,
			);
			name = Main.storyboard;
			sourceTree = "<group>";
		};
		CE8963C727BDC34D0002B8BB /* LaunchScreen.storyboard */ = {
			isa = PBXVariantGroup;
			children = (
				CE8963C827BDC34D0002B8BB /* Base */,
			);
			name = LaunchScreen.storyboard;
			sourceTree = "<group>";
		};
/* End PBXVariantGroup section */

/* Begin XCBuildConfiguration section */
		CE8963E127BDC34E0002B8BB /* Debug */ = {
			isa = XCBuildConfiguration;
			buildSettings = {
				ALWAYS_SEARCH_USER_PATHS = NO;
				CLANG_ANALYZER_NONNULL = YES;
				CLANG_ANALYZER_NUMBER_OBJECT_CONVERSION = YES_AGGRESSIVE;
				CLANG_CXX_LANGUAGE_STANDARD = "gnu++17";
				CLANG_CXX_LIBRARY = "libc++";
				CLANG_ENABLE_MODULES = YES;
				CLANG_ENABLE_OBJC_ARC = YES;
				CLANG_ENABLE_OBJC_WEAK = YES;
				CLANG_WARN_BLOCK_CAPTURE_AUTORELEASING = YES;
				CLANG_WARN_BOOL_CONVERSION = YES;
				CLANG_WARN_COMMA = YES;
				CLANG_WARN_CONSTANT_CONVERSION = YES;
				CLANG_WARN_DEPRECATED_OBJC_IMPLEMENTATIONS = YES;
				CLANG_WARN_DIRECT_OBJC_ISA_USAGE = YES_ERROR;
				CLANG_WARN_DOCUMENTATION_COMMENTS = YES;
				CLANG_WARN_EMPTY_BODY = YES;
				CLANG_WARN_ENUM_CONVERSION = YES;
				CLANG_WARN_INFINITE_RECURSION = YES;
				CLANG_WARN_INT_CONVERSION = YES;
				CLANG_WARN_NON_LITERAL_NULL_CONVERSION = YES;
				CLANG_WARN_OBJC_IMPLICIT_RETAIN_SELF = YES;
				CLANG_WARN_OBJC_LITERAL_CONVERSION = YES;
				CLANG_WARN_OBJC_ROOT_CLASS = YES_ERROR;
				CLANG_WARN_QUOTED_INCLUDE_IN_FRAMEWORK_HEADER = YES;
				CLANG_WARN_RANGE_LOOP_ANALYSIS = YES;
				CLANG_WARN_STRICT_PROTOTYPES = YES;
				CLANG_WARN_SUSPICIOUS_MOVE = YES;
				CLANG_WARN_UNGUARDED_AVAILABILITY = YES_AGGRESSIVE;
				CLANG_WARN_UNREACHABLE_CODE = YES;
				CLANG_WARN__DUPLICATE_METHOD_MATCH = YES;
				COPY_PHASE_STRIP = NO;
				DEBUG_INFORMATION_FORMAT = dwarf;
				ENABLE_STRICT_OBJC_MSGSEND = YES;
				ENABLE_TESTABILITY = YES;
				GCC_C_LANGUAGE_STANDARD = gnu11;
				GCC_DYNAMIC_NO_PIC = NO;
				GCC_NO_COMMON_BLOCKS = YES;
				GCC_OPTIMIZATION_LEVEL = 0;
				GCC_PREPROCESSOR_DEFINITIONS = (
					"DEBUG=1",
					"$(inherited)",
				);
				GCC_WARN_64_TO_32_BIT_CONVERSION = YES;
				GCC_WARN_ABOUT_RETURN_TYPE = YES_ERROR;
				GCC_WARN_UNDECLARED_SELECTOR = YES;
				GCC_WARN_UNINITIALIZED_AUTOS = YES_AGGRESSIVE;
				GCC_WARN_UNUSED_FUNCTION = YES;
				GCC_WARN_UNUSED_VARIABLE = YES;
				IPHONEOS_DEPLOYMENT_TARGET = 15.2;
				MTL_ENABLE_DEBUG_INFO = INCLUDE_SOURCE;
				MTL_FAST_MATH = YES;
				ONLY_ACTIVE_ARCH = YES;
				SDKROOT = iphoneos;
				SWIFT_ACTIVE_COMPILATION_CONDITIONS = DEBUG;
				SWIFT_OPTIMIZATION_LEVEL = "-Onone";
			};
			name = Debug;
		};
		CE8963E227BDC34E0002B8BB /* Release */ = {
			isa = XCBuildConfiguration;
			buildSettings = {
				ALWAYS_SEARCH_USER_PATHS = NO;
				CLANG_ANALYZER_NONNULL = YES;
				CLANG_ANALYZER_NUMBER_OBJECT_CONVERSION = YES_AGGRESSIVE;
				CLANG_CXX_LANGUAGE_STANDARD = "gnu++17";
				CLANG_CXX_LIBRARY = "libc++";
				CLANG_ENABLE_MODULES = YES;
				CLANG_ENABLE_OBJC_ARC = YES;
				CLANG_ENABLE_OBJC_WEAK = YES;
				CLANG_WARN_BLOCK_CAPTURE_AUTORELEASING = YES;
				CLANG_WARN_BOOL_CONVERSION = YES;
				CLANG_WARN_COMMA = YES;
				CLANG_WARN_CONSTANT_CONVERSION = YES;
				CLANG_WARN_DEPRECATED_OBJC_IMPLEMENTATIONS = YES;
				CLANG_WARN_DIRECT_OBJC_ISA_USAGE = YES_ERROR;
				CLANG_WARN_DOCUMENTATION_COMMENTS = YES;
				CLANG_WARN_EMPTY_BODY = YES;
				CLANG_WARN_ENUM_CONVERSION = YES;
				CLANG_WARN_INFINITE_RECURSION = YES;
				CLANG_WARN_INT_CONVERSION = YES;
				CLANG_WARN_NON_LITERAL_NULL_CONVERSION = YES;
				CLANG_WARN_OBJC_IMPLICIT_RETAIN_SELF = YES;
				CLANG_WARN_OBJC_LITERAL_CONVERSION = YES;
				CLANG_WARN_OBJC_ROOT_CLASS = YES_ERROR;
				CLANG_WARN_QUOTED_INCLUDE_IN_FRAMEWORK_HEADER = YES;
				CLANG_WARN_RANGE_LOOP_ANALYSIS = YES;
				CLANG_WARN_STRICT_PROTOTYPES = YES;
				CLANG_WARN_SUSPICIOUS_MOVE = YES;
				CLANG_WARN_UNGUARDED_AVAILABILITY = YES_AGGRESSIVE;
				CLANG_WARN_UNREACHABLE_CODE = YES;
				CLANG_WARN__DUPLICATE_METHOD_MATCH = YES;
				COPY_PHASE_STRIP = NO;
				DEBUG_INFORMATION_FORMAT = "dwarf-with-dsym";
				ENABLE_NS_ASSERTIONS = NO;
				ENABLE_STRICT_OBJC_MSGSEND = YES;
				GCC_C_LANGUAGE_STANDARD = gnu11;
				GCC_NO_COMMON_BLOCKS = YES;
				GCC_WARN_64_TO_32_BIT_CONVERSION = YES;
				GCC_WARN_ABOUT_RETURN_TYPE = YES_ERROR;
				GCC_WARN_UNDECLARED_SELECTOR = YES;
				GCC_WARN_UNINITIALIZED_AUTOS = YES_AGGRESSIVE;
				GCC_WARN_UNUSED_FUNCTION = YES;
				GCC_WARN_UNUSED_VARIABLE = YES;
				IPHONEOS_DEPLOYMENT_TARGET = 15.2;
				MTL_ENABLE_DEBUG_INFO = NO;
				MTL_FAST_MATH = YES;
				SDKROOT = iphoneos;
				SWIFT_COMPILATION_MODE = wholemodule;
				SWIFT_OPTIMIZATION_LEVEL = "-O";
				VALIDATE_PRODUCT = YES;
			};
			name = Release;
		};
		CE8963E427BDC34E0002B8BB /* Debug */ = {
			isa = XCBuildConfiguration;
			buildSettings = {
				ASSETCATALOG_COMPILER_APPICON_NAME = AppIcon;
				ASSETCATALOG_COMPILER_GLOBAL_ACCENT_COLOR_NAME = AccentColor;
				CODE_SIGN_STYLE = Automatic;
				CURRENT_PROJECT_VERSION = 1;
				GENERATE_INFOPLIST_FILE = YES;
				INFOPLIST_FILE = TrafficSegues/Info.plist;
				INFOPLIST_KEY_UIApplicationSupportsIndirectInputEvents = YES;
				INFOPLIST_KEY_UILaunchStoryboardName = LaunchScreen;
				INFOPLIST_KEY_UIMainStoryboardFile = Main;
				INFOPLIST_KEY_UISupportedInterfaceOrientations_iPad = "UIInterfaceOrientationPortrait UIInterfaceOrientationPortraitUpsideDown UIInterfaceOrientationLandscapeLeft UIInterfaceOrientationLandscapeRight";
				INFOPLIST_KEY_UISupportedInterfaceOrientations_iPhone = "UIInterfaceOrientationPortrait UIInterfaceOrientationLandscapeLeft UIInterfaceOrientationLandscapeRight";
				LD_RUNPATH_SEARCH_PATHS = (
					"$(inherited)",
					"@executable_path/Frameworks",
				);
				MARKETING_VERSION = 1.0;
				PRODUCT_BUNDLE_IDENTIFIER = walidAmar.TrafficSegues;
				PRODUCT_NAME = "$(TARGET_NAME)";
				SWIFT_EMIT_LOC_STRINGS = YES;
				SWIFT_VERSION = 5.0;
				TARGETED_DEVICE_FAMILY = "1,2";
			};
			name = Debug;
		};
		CE8963E527BDC34E0002B8BB /* Release */ = {
			isa = XCBuildConfiguration;
			buildSettings = {
				ASSETCATALOG_COMPILER_APPICON_NAME = AppIcon;
				ASSETCATALOG_COMPILER_GLOBAL_ACCENT_COLOR_NAME = AccentColor;
				CODE_SIGN_STYLE = Automatic;
				CURRENT_PROJECT_VERSION = 1;
				GENERATE_INFOPLIST_FILE = YES;
				INFOPLIST_FILE = TrafficSegues/Info.plist;
				INFOPLIST_KEY_UIApplicationSupportsIndirectInputEvents = YES;
				INFOPLIST_KEY_UILaunchStoryboardName = LaunchScreen;
				INFOPLIST_KEY_UIMainStoryboardFile = Main;
				INFOPLIST_KEY_UISupportedInterfaceOrientations_iPad = "UIInterfaceOrientationPortrait UIInterfaceOrientationPortraitUpsideDown UIInterfaceOrientationLandscapeLeft UIInterfaceOrientationLandscapeRight";
				INFOPLIST_KEY_UISupportedInterfaceOrientations_iPhone = "UIInterfaceOrientationPortrait UIInterfaceOrientationLandscapeLeft UIInterfaceOrientationLandscapeRight";
				LD_RUNPATH_SEARCH_PATHS = (
					"$(inherited)",
					"@executable_path/Frameworks",
				);
				MARKETING_VERSION = 1.0;
				PRODUCT_BUNDLE_IDENTIFIER = walidAmar.TrafficSegues;
				PRODUCT_NAME = "$(TARGET_NAME)";
				SWIFT_EMIT_LOC_STRINGS = YES;
				SWIFT_VERSION = 5.0;
				TARGETED_DEVICE_FAMILY = "1,2";
			};
			name = Release;
		};
		CE8963E727BDC34E0002B8BB /* Debug */ = {
			isa = XCBuildConfiguration;
			buildSettings = {
				ALWAYS_EMBED_SWIFT_STANDARD_LIBRARIES = YES;
				BUNDLE_LOADER = "$(TEST_HOST)";
				CODE_SIGN_STYLE = Automatic;
				CURRENT_PROJECT_VERSION = 1;
				GENERATE_INFOPLIST_FILE = YES;
				IPHONEOS_DEPLOYMENT_TARGET = 15.2;
				MARKETING_VERSION = 1.0;
				PRODUCT_BUNDLE_IDENTIFIER = walidAmar.TrafficSeguesTests;
				PRODUCT_NAME = "$(TARGET_NAME)";
				SWIFT_EMIT_LOC_STRINGS = NO;
				SWIFT_VERSION = 5.0;
				TARGETED_DEVICE_FAMILY = "1,2";
				TEST_HOST = "$(BUILT_PRODUCTS_DIR)/TrafficSegues.app/TrafficSegues";
			};
			name = Debug;
		};
		CE8963E827BDC34E0002B8BB /* Release */ = {
			isa = XCBuildConfiguration;
			buildSettings = {
				ALWAYS_EMBED_SWIFT_STANDARD_LIBRARIES = YES;
				BUNDLE_LOADER = "$(TEST_HOST)";
				CODE_SIGN_STYLE = Automatic;
				CURRENT_PROJECT_VERSION = 1;
				GENERATE_INFOPLIST_FILE = YES;
				IPHONEOS_DEPLOYMENT_TARGET = 15.2;
				MARKETING_VERSION = 1.0;
				PRODUCT_BUNDLE_IDENTIFIER = walidAmar.TrafficSeguesTests;
				PRODUCT_NAME = "$(TARGET_NAME)";
				SWIFT_EMIT_LOC_STRINGS = NO;
				SWIFT_VERSION = 5.0;
				TARGETED_DEVICE_FAMILY = "1,2";
				TEST_HOST = "$(BUILT_PRODUCTS_DIR)/TrafficSegues.app/TrafficSegues";
			};
			name = Release;
		};
		CE8963EA27BDC34E0002B8BB /* Debug */ = {
			isa = XCBuildConfiguration;
			buildSettings = {
				ALWAYS_EMBED_SWIFT_STANDARD_LIBRARIES = YES;
				CODE_SIGN_STYLE = Automatic;
				CURRENT_PROJECT_VERSION = 1;
				GENERATE_INFOPLIST_FILE = YES;
				MARKETING_VERSION = 1.0;
				PRODUCT_BUNDLE_IDENTIFIER = walidAmar.TrafficSeguesUITests;
				PRODUCT_NAME = "$(TARGET_NAME)";
				SWIFT_EMIT_LOC_STRINGS = NO;
				SWIFT_VERSION = 5.0;
				TARGETED_DEVICE_FAMILY = "1,2";
				TEST_TARGET_NAME = TrafficSegues;
			};
			name = Debug;
		};
		CE8963EB27BDC34E0002B8BB /* Release */ = {
			isa = XCBuildConfiguration;
			buildSettings = {
				ALWAYS_EMBED_SWIFT_STANDARD_LIBRARIES = YES;
				CODE_SIGN_STYLE = Automatic;
				CURRENT_PROJECT_VERSION = 1;
				GENERATE_INFOPLIST_FILE = YES;
				MARKETING_VERSION = 1.0;
				PRODUCT_BUNDLE_IDENTIFIER = walidAmar.TrafficSeguesUITests;
				PRODUCT_NAME = "$(TARGET_NAME)";
				SWIFT_EMIT_LOC_STRINGS = NO;
				SWIFT_VERSION = 5.0;
				TARGETED_DEVICE_FAMILY = "1,2";
				TEST_TARGET_NAME = TrafficSegues;
			};
			name = Release;
		};
/* End XCBuildConfiguration section */

/* Begin XCConfigurationList section */
		CE8963B427BDC34C0002B8BB /* Build configuration list for PBXProject "TrafficSegues" */ = {
			isa = XCConfigurationList;
			buildConfigurations = (
				CE8963E127BDC34E0002B8BB /* Debug */,
				CE8963E227BDC34E0002B8BB /* Release */,
			);
			defaultConfigurationIsVisible = 0;
			defaultConfigurationName = Release;
		};
		CE8963E327BDC34E0002B8BB /* Build configuration list for PBXNativeTarget "TrafficSegues" */ = {
			isa = XCConfigurationList;
			buildConfigurations = (
				CE8963E427BDC34E0002B8BB /* Debug */,
				CE8963E527BDC34E0002B8BB /* Release */,
			);
			defaultConfigurationIsVisible = 0;
			defaultConfigurationName = Release;
		};
		CE8963E627BDC34E0002B8BB /* Build configuration list for PBXNativeTarget "TrafficSeguesTests" */ = {
			isa = XCConfigurationList;
			buildConfigurations = (
				CE8963E727BDC34E0002B8BB /* Debug */,
				CE8963E827BDC34E0002B8BB /* Release */,
			);
			defaultConfigurationIsVisible = 0;
			defaultConfigurationName = Release;
		};
		CE8963E927BDC34E0002B8BB /* Build configuration list for PBXNativeTarget "TrafficSeguesUITests" */ = {
			isa = XCConfigurationList;
			buildConfigurations = (
				CE8963EA27BDC34E0002B8BB /* Debug */,
				CE8963EB27BDC34E0002B8BB /* Release */,
			);
			defaultConfigurationIsVisible = 0;
			defaultConfigurationName = Release;
		};
/* End XCConfigurationList section */
	};
	rootObject = CE8963B127BDC34C0002B8BB /* Project object */;
}
